
Microsoft Visual Studio Solution File, Format Version 12.00
# Visual Studio Version 16
VisualStudioVersion = 16.0.31402.337
MinimumVisualStudioVersion = 10.0.40219.1
Project("{9A19103F-16F7-4668-BE54-9A1E7A4F7556}") = "GradeBook.Tests", "GradeBook.Tests.csproj", "{68C42E4E-F059-4A81-9D71-CA035D3C30BC}"
EndProject
Global
	GlobalSection(SolutionConfigurationPlatforms) = preSolution
		Debug|Any CPU = Debug|Any CPU
		Release|Any CPU = Release|Any CPU
	EndGlobalSection
	GlobalSection(ProjectConfigurationPlatforms) = postSolution
		{68C42E4E-F059-4A81-9D71-CA035D3C30BC}.Debug|Any CPU.ActiveCfg = Debug|Any CPU
		{68C42E4E-F059-4A81-9D71-CA035D3C30BC}.Debug|Any CPU.Build.0 = Debug|Any CPU
		{68C42E4E-F059-4A81-9D71-CA035D3C30BC}.Release|Any CPU.ActiveCfg = Release|Any CPU
		{68C42E4E-F059-4A81-9D71-CA035D3C30BC}.Release|Any CPU.Build.0 = Release|Any CPU
	EndGlobalSection
	GlobalSection(SolutionProperties) = preSolution
		HideSolutionNode = FALSE
	EndGlobalSection
	GlobalSection(ExtensibilityGlobals) = postSolution
		SolutionGuid = {41343971-45AB-4D70-8BD8-BE01B73163F4}
	EndGlobalSection
EndGlobal
